
Microsoft Visual Studio Solution File, Format Version 12.00
# Visual Studio Version 17
VisualStudioVersion = 17.8.34511.84
MinimumVisualStudioVersion = 10.0.40219.1
Project("{2150E333-8FDC-42A3-9474-1A3956D46DE8}") = "FrontEnd", "FrontEnd", "{6972F7DD-9FF0-49D2-AE5E-A1C01942136C}"
EndProject
Project("{2150E333-8FDC-42A3-9474-1A3956D46DE8}") = "Gateway", "Gateway", "{A275440B-886C-4BC9-9DC7-2BD4053D7090}"
EndProject
Project("{2150E333-8FDC-42A3-9474-1A3956D46DE8}") = "Integration", "Integration", "{3E51F4BC-11D9-4ACD-9B47-4BFD1911C9A2}"
EndProject
Project("{2150E333-8FDC-42A3-9474-1A3956D46DE8}") = "Services", "Services", "{9E1C43F1-71FA-4F60-8C56-BBE922067DAD}"
EndProject
Project("{FAE04EC0-301F-11D3-BF4B-00C04F79EFBC}") = "Mango.Services.CouponAPI", "Mango.Services.CouponAPI\Mango.Services.CouponAPI.csproj", "{099E4DC4-8020-4A0B-A15C-61D83A377B04}"
EndProject
Global
	GlobalSection(SolutionConfigurationPlatforms) = preSolution
		Debug|Any CPU = Debug|Any CPU
		Release|Any CPU = Release|Any CPU
	EndGlobalSection
	GlobalSection(ProjectConfigurationPlatforms) = postSolution
		{099E4DC4-8020-4A0B-A15C-61D83A377B04}.Debug|Any CPU.ActiveCfg = Debug|Any CPU
		{099E4DC4-8020-4A0B-A15C-61D83A377B04}.Debug|Any CPU.Build.0 = Debug|Any CPU
		{099E4DC4-8020-4A0B-A15C-61D83A377B04}.Release|Any CPU.ActiveCfg = Release|Any CPU
		{099E4DC4-8020-4A0B-A15C-61D83A377B04}.Release|Any CPU.Build.0 = Release|Any CPU
	EndGlobalSection
	GlobalSection(SolutionProperties) = preSolution
		HideSolutionNode = FALSE
	EndGlobalSection
	GlobalSection(NestedProjects) = preSolution
		{099E4DC4-8020-4A0B-A15C-61D83A377B04} = {9E1C43F1-71FA-4F60-8C56-BBE922067DAD}
	EndGlobalSection
	GlobalSection(ExtensibilityGlobals) = postSolution
		SolutionGuid = {A06C1B39-C7C5-475B-9F9E-DB24E9552C3F}
	EndGlobalSection
EndGlobal
